// !$*UTF8*$!
{
	archiveVersion = 1;
	classes = {
	};
	objectVersion = 50;
	objects = {

/* Begin PBXBuildFile section */
		6E521B0024AF47D10081644E /* AppDelegate.swift in Sources */ = {isa = PBXBuildFile; fileRef = 6E521AFF24AF47D10081644E /* AppDelegate.swift */; };
		6E521B0224AF47D10081644E /* SceneDelegate.swift in Sources */ = {isa = PBXBuildFile; fileRef = 6E521B0124AF47D10081644E /* SceneDelegate.swift */; };
		6E521B0424AF47D10081644E /* ViewController.swift in Sources */ = {isa = PBXBuildFile; fileRef = 6E521B0324AF47D10081644E /* ViewController.swift */; };
		6E521B0724AF47D10081644E /* Main.storyboard in Resources */ = {isa = PBXBuildFile; fileRef = 6E521B0524AF47D10081644E /* Main.storyboard */; };
		6E521B0924AF47D30081644E /* Assets.xcassets in Resources */ = {isa = PBXBuildFile; fileRef = 6E521B0824AF47D30081644E /* Assets.xcassets */; };
		6E521B0C24AF47D30081644E /* LaunchScreen.storyboard in Resources */ = {isa = PBXBuildFile; fileRef = 6E521B0A24AF47D30081644E /* LaunchScreen.storyboard */; };
/* End PBXBuildFile section */

/* Begin PBXFileReference section */
		6E521AFC24AF47D10081644E /* MulticastDelegate.app */ = {isa = PBXFileReference; explicitFileType = wrapper.application; includeInIndex = 0; path = MulticastDelegate.app; sourceTree = BUILT_PRODUCTS_DIR; };
		6E521AFF24AF47D10081644E /* AppDelegate.swift */ = {isa = PBXFileReference; lastKnownFileType = sourcecode.swift; path = AppDelegate.swift; sourceTree = "<group>"; };
		6E521B0124AF47D10081644E /* SceneDelegate.swift */ = {isa = PBXFileReference; lastKnownFileType = sourcecode.swift; path = SceneDelegate.swift; sourceTree = "<group>"; };
		6E521B0324AF47D10081644E /* ViewController.swift */ = {isa = PBXFileReference; lastKnownFileType = sourcecode.swift; path = ViewController.swift; sourceTree = "<group>"; };
		6E521B0624AF47D10081644E /* Base */ = {isa = PBXFileReference; lastKnownFileType = file.storyboard; name = Base; path = Base.lproj/Main.storyboard; sourceTree = "<group>"; };
		6E521B0824AF47D30081644E /* Assets.xcassets */ = {isa = PBXFileReference; lastKnownFileType = folder.assetcatalog; path = Assets.xcassets; sourceTree = "<group>"; };
		6E521B0B24AF47D30081644E /* Base */ = {isa = PBXFileReference; lastKnownFileType = file.storyboard; name = Base; path = Base.lproj/LaunchScreen.storyboard; sourceTree = "<group>"; };
		6E521B0D24AF47D30081644E /* Info.plist */ = {isa = PBXFileReference; lastKnownFileType = text.plist.xml; path = Info.plist; sourceTree = "<group>"; };
/* End PBXFileReference section */

/* Begin PBXFrameworksBuildPhase section */
		6E521AF924AF47D10081644E /* Frameworks */ = {
			isa = PBXFrameworksBuildPhase;
			buildActionMask = 2147483647;
			files = (
			);
			runOnlyForDeploymentPostprocessing = 0;
		};
/* End PBXFrameworksBuildPhase section */

/* Begin PBXGroup section */
		6E521AF324AF47D10081644E = {
			isa = PBXGroup;
			children = (
				6E521AFE24AF47D10081644E /* MulticastDelegate */,
				6E521AFD24AF47D10081644E /* Products */,
			);
			sourceTree = "<group>";
		};
		6E521AFD24AF47D10081644E /* Products */ = {
			isa = PBXGroup;
			children = (
				6E521AFC24AF47D10081644E /* MulticastDelegate.app */,
			);
			name = Products;
			sourceTree = "<group>";
		};
		6E521AFE24AF47D10081644E /* MulticastDelegate */ = {
			isa = PBXGroup;
			children = (
				6E521AFF24AF47D10081644E /* AppDelegate.swift */,
				6E521B0124AF47D10081644E /* SceneDelegate.swift */,
				6E521B0324AF47D10081644E /* ViewController.swift */,
				6E521B0524AF47D10081644E /* Main.storyboard */,
				6E521B0824AF47D30081644E /* Assets.xcassets */,
				6E521B0A24AF47D30081644E /* LaunchScreen.storyboard */,
				6E521B0D24AF47D30081644E /* Info.plist */,
			);
			path = MulticastDelegate;
			sourceTree = "<group>";
		};
/* End PBXGroup section */

/* Begin PBXNativeTarget section */
		6E521AFB24AF47D10081644E /* MulticastDelegate */ = {
			isa = PBXNativeTarget;
			buildConfigurationList = 6E521B1024AF47D30081644E /* Build configuration list for PBXNativeTarget "MulticastDelegate" */;
			buildPhases = (
				6E521AF824AF47D10081644E /* Sources */,
				6E521AF924AF47D10081644E /* Frameworks */,
				6E521AFA24AF47D10081644E /* Resources */,
			);
			buildRules = (
			);
			dependencies = (
			);
			name = MulticastDelegate;
			productName = MulticastDelegate;
			productReference = 6E521AFC24AF47D10081644E /* MulticastDelegate.app */;
			productType = "com.apple.product-type.application";
		};
/* End PBXNativeTarget section */

/* Begin PBXProject section */
		6E521AF424AF47D10081644E /* Project object */ = {
			isa = PBXProject;
			attributes = {
				LastSwiftUpdateCheck = 1150;
				LastUpgradeCheck = 1150;
				ORGANIZATIONNAME = "Napoleon IT";
				TargetAttributes = {
					6E521AFB24AF47D10081644E = {
						CreatedOnToolsVersion = 11.5;
					};
				};
			};
			buildConfigurationList = 6E521AF724AF47D10081644E /* Build configuration list for PBXProject "MulticastDelegate" */;
			compatibilityVersion = "Xcode 9.3";
			developmentRegion = en;
			hasScannedForEncodings = 0;
			knownRegions = (
				en,
				Base,
			);
			mainGroup = 6E521AF324AF47D10081644E;
			productRefGroup = 6E521AFD24AF47D10081644E /* Products */;
			projectDirPath = "";
			projectRoot = "";
			targets = (
				6E521AFB24AF47D10081644E /* MulticastDelegate */,
			);
		};
/* End PBXProject section */

/* Begin PBXResourcesBuildPhase section */
		6E521AFA24AF47D10081644E /* Resources */ = {
			isa = PBXResourcesBuildPhase;
			buildActionMask = 2147483647;
			files = (
				6E521B0C24AF47D30081644E /* LaunchScreen.storyboard in Resources */,
				6E521B0924AF47D30081644E /* Assets.xcassets in Resources */,
				6E521B0724AF47D10081644E /* Main.storyboard in Resources */,
			);
			runOnlyForDeploymentPostprocessing = 0;
		};
/* End PBXResourcesBuildPhase section */

/* Begin PBXSourcesBuildPhase section */
		6E521AF824AF47D10081644E /* Sources */ = {
			isa = PBXSourcesBuildPhase;
			buildActionMask = 2147483647;
			files = (
				6E521B0424AF47D10081644E /* ViewController.swift in Sources */,
				6E521B0024AF47D10081644E /* AppDelegate.swift in Sources */,
				6E521B0224AF47D10081644E /* SceneDelegate.swift in Sources */,
			);
			runOnlyForDeploymentPostprocessing = 0;
		};
/* End PBXSourcesBuildPhase section */

/* Begin PBXVariantGroup section */
		6E521B0524AF47D10081644E /* Main.storyboard */ = {
			isa = PBXVariantGroup;
			children = (
				6E521B0624AF47D10081644E /* Base */,
			);
			name = Main.storyboard;
			sourceTree = "<group>";
		};
		6E521B0A24AF47D30081644E /* LaunchScreen.storyboard */ = {
			isa = PBXVariantGroup;
			children = (
				6E521B0B24AF47D30081644E /* Base */,
			);
			name = LaunchScreen.storyboard;
			sourceTree = "<group>";
		};
/* End PBXVariantGroup section */

/* Begin XCBuildConfiguration section */
		6E521B0E24AF47D30081644E /* Debug */ = {
			isa = XCBuildConfiguration;
			buildSettings = {
				ALWAYS_SEARCH_USER_PATHS = NO;
				CLANG_ANALYZER_NONNULL = YES;
				CLANG_ANALYZER_NUMBER_OBJECT_CONVERSION = YES_AGGRESSIVE;
				CLANG_CXX_LANGUAGE_STANDARD = "gnu++14";
				CLANG_CXX_LIBRARY = "libc++";
				CLANG_ENABLE_MODULES = YES;
				CLANG_ENABLE_OBJC_ARC = YES;
				CLANG_ENABLE_OBJC_WEAK = YES;
				CLANG_WARN_BLOCK_CAPTURE_AUTORELEASING = YES;
				CLANG_WARN_BOOL_CONVERSION = YES;
				CLANG_WARN_COMMA = YES;
				CLANG_WARN_CONSTANT_CONVERSION = YES;
				CLANG_WARN_DEPRECATED_OBJC_IMPLEMENTATIONS = YES;
				CLANG_WARN_DIRECT_OBJC_ISA_USAGE = YES_ERROR;
				CLANG_WARN_DOCUMENTATION_COMMENTS = YES;
				CLANG_WARN_EMPTY_BODY = YES;
				CLANG_WARN_ENUM_CONVERSION = YES;
				CLANG_WARN_INFINITE_RECURSION = YES;
				CLANG_WARN_INT_CONVERSION = YES;
				CLANG_WARN_NON_LITERAL_NULL_CONVERSION = YES;
				CLANG_WARN_OBJC_IMPLICIT_RETAIN_SELF = YES;
				CLANG_WARN_OBJC_LITERAL_CONVERSION = YES;
				CLANG_WARN_OBJC_ROOT_CLASS = YES_ERROR;
				CLANG_WARN_RANGE_LOOP_ANALYSIS = YES;
				CLANG_WARN_STRICT_PROTOTYPES = YES;
				CLANG_WARN_SUSPICIOUS_MOVE = YES;
				CLANG_WARN_UNGUARDED_AVAILABILITY = YES_AGGRESSIVE;
				CLANG_WARN_UNREACHABLE_CODE = YES;
				CLANG_WARN__DUPLICATE_METHOD_MATCH = YES;
				COPY_PHASE_STRIP = NO;
				DEBUG_INFORMATION_FORMAT = dwarf;
				ENABLE_STRICT_OBJC_MSGSEND = YES;
				ENABLE_TESTABILITY = YES;
				GCC_C_LANGUAGE_STANDARD = gnu11;
				GCC_DYNAMIC_NO_PIC = NO;
				GCC_NO_COMMON_BLOCKS = YES;
				GCC_OPTIMIZATION_LEVEL = 0;
				GCC_PREPROCESSOR_DEFINITIONS = (
					"DEBUG=1",
					"$(inherited)",
				);
				GCC_WARN_64_TO_32_BIT_CONVERSION = YES;
				GCC_WARN_ABOUT_RETURN_TYPE = YES_ERROR;
				GCC_WARN_UNDECLARED_SELECTOR = YES;
				GCC_WARN_UNINITIALIZED_AUTOS = YES_AGGRESSIVE;
				GCC_WARN_UNUSED_FUNCTION = YES;
				GCC_WARN_UNUSED_VARIABLE = YES;
				IPHONEOS_DEPLOYMENT_TARGET = 13.5;
				MTL_ENABLE_DEBUG_INFO = INCLUDE_SOURCE;
				MTL_FAST_MATH = YES;
				ONLY_ACTIVE_ARCH = YES;
				SDKROOT = iphoneos;
				SWIFT_ACTIVE_COMPILATION_CONDITIONS = DEBUG;
				SWIFT_OPTIMIZATION_LEVEL = "-Onone";
			};
			name = Debug;
		};
		6E521B0F24AF47D30081644E /* Release */ = {
			isa = XCBuildConfiguration;
			buildSettings = {
				ALWAYS_SEARCH_USER_PATHS = NO;
				CLANG_ANALYZER_NONNULL = YES;
				CLANG_ANALYZER_NUMBER_OBJECT_CONVERSION = YES_AGGRESSIVE;
				CLANG_CXX_LANGUAGE_STANDARD = "gnu++14";
				CLANG_CXX_LIBRARY = "libc++";
				CLANG_ENABLE_MODULES = YES;
				CLANG_ENABLE_OBJC_ARC = YES;
				CLANG_ENABLE_OBJC_WEAK = YES;
				CLANG_WARN_BLOCK_CAPTURE_AUTORELEASING = YES;
				CLANG_WARN_BOOL_CONVERSION = YES;
				CLANG_WARN_COMMA = YES;
				CLANG_WARN_CONSTANT_CONVERSION = YES;
				CLANG_WARN_DEPRECATED_OBJC_IMPLEMENTATIONS = YES;
				CLANG_WARN_DIRECT_OBJC_ISA_USAGE = YES_ERROR;
				CLANG_WARN_DOCUMENTATION_COMMENTS = YES;
				CLANG_WARN_EMPTY_BODY = YES;
				CLANG_WARN_ENUM_CONVERSION = YES;
				CLANG_WARN_INFINITE_RECURSION = YES;
				CLANG_WARN_INT_CONVERSION = YES;
				CLANG_WARN_NON_LITERAL_NULL_CONVERSION = YES;
				CLANG_WARN_OBJC_IMPLICIT_RETAIN_SELF = YES;
				CLANG_WARN_OBJC_LITERAL_CONVERSION = YES;
				CLANG_WARN_OBJC_ROOT_CLASS = YES_ERROR;
				CLANG_WARN_RANGE_LOOP_ANALYSIS = YES;
				CLANG_WARN_STRICT_PROTOTYPES = YES;
				CLANG_WARN_SUSPICIOUS_MOVE = YES;
				CLANG_WARN_UNGUARDED_AVAILABILITY = YES_AGGRESSIVE;
				CLANG_WARN_UNREACHABLE_CODE = YES;
				CLANG_WARN__DUPLICATE_METHOD_MATCH = YES;
				COPY_PHASE_STRIP = NO;
				DEBUG_INFORMATION_FORMAT = "dwarf-with-dsym";
				ENABLE_NS_ASSERTIONS = NO;
				ENABLE_STRICT_OBJC_MSGSEND = YES;
				GCC_C_LANGUAGE_STANDARD = gnu11;
				GCC_NO_COMMON_BLOCKS = YES;
				GCC_WARN_64_TO_32_BIT_CONVERSION = YES;
				GCC_WARN_ABOUT_RETURN_TYPE = YES_ERROR;
				GCC_WARN_UNDECLARED_SELECTOR = YES;
				GCC_WARN_UNINITIALIZED_AUTOS = YES_AGGRESSIVE;
				GCC_WARN_UNUSED_FUNCTION = YES;
				GCC_WARN_UNUSED_VARIABLE = YES;
				IPHONEOS_DEPLOYMENT_TARGET = 13.5;
				MTL_ENABLE_DEBUG_INFO = NO;
				MTL_FAST_MATH = YES;
				SDKROOT = iphoneos;
				SWIFT_COMPILATION_MODE = wholemodule;
				SWIFT_OPTIMIZATION_LEVEL = "-O";
				VALIDATE_PRODUCT = YES;
			};
			name = Release;
		};
		6E521B1124AF47D30081644E /* Debug */ = {
			isa = XCBuildConfiguration;
			buildSettings = {
				ASSETCATALOG_COMPILER_APPICON_NAME = AppIcon;
				CODE_SIGN_STYLE = Automatic;
				DEVELOPMENT_TEAM = ALSMTU8N9R;
				INFOPLIST_FILE = MulticastDelegate/Info.plist;
				LD_RUNPATH_SEARCH_PATHS = (
					"$(inherited)",
					"@executable_path/Frameworks",
				);
				PRODUCT_BUNDLE_IDENTIFIER = com.napoleon.it.MulticastDelegate;
				PRODUCT_NAME = "$(TARGET_NAME)";
				SWIFT_VERSION = 5.0;
				TARGETED_DEVICE_FAMILY = "1,2";
			};
			name = Debug;
		};
		6E521B1224AF47D30081644E /* Release */ = {
			isa = XCBuildConfiguration;
			buildSettings = {
				ASSETCATALOG_COMPILER_APPICON_NAME = AppIcon;
				CODE_SIGN_STYLE = Automatic;
				DEVELOPMENT_TEAM = ALSMTU8N9R;
				INFOPLIST_FILE = MulticastDelegate/Info.plist;
				LD_RUNPATH_SEARCH_PATHS = (
					"$(inherited)",
					"@executable_path/Frameworks",
				);
				PRODUCT_BUNDLE_IDENTIFIER = com.napoleon.it.MulticastDelegate;
				PRODUCT_NAME = "$(TARGET_NAME)";
				SWIFT_VERSION = 5.0;
				TARGETED_DEVICE_FAMILY = "1,2";
			};
			name = Release;
		};
/* End XCBuildConfiguration section */

/* Begin XCConfigurationList section */
		6E521AF724AF47D10081644E /* Build configuration list for PBXProject "MulticastDelegate" */ = {
			isa = XCConfigurationList;
			buildConfigurations = (
				6E521B0E24AF47D30081644E /* Debug */,
				6E521B0F24AF47D30081644E /* Release */,
			);
			defaultConfigurationIsVisible = 0;
			defaultConfigurationName = Release;
		};
		6E521B1024AF47D30081644E /* Build configuration list for PBXNativeTarget "MulticastDelegate" */ = {
			isa = XCConfigurationList;
			buildConfigurations = (
				6E521B1124AF47D30081644E /* Debug */,
				6E521B1224AF47D30081644E /* Release */,
			);
			defaultConfigurationIsVisible = 0;
			defaultConfigurationName = Release;
		};
/* End XCConfigurationList section */
	};
	rootObject = 6E521AF424AF47D10081644E /* Project object */;
}
